// !$*UTF8*$!
{
	archiveVersion = 1;
	classes = {
	};
	objectVersion = 46;
	objects = {

/* Begin PBXBuildFile section */
		6B16B51A1ADDCD3D0040B4EB /* PostCourseVC.m in Sources */ = {isa = PBXBuildFile; fileRef = 6B16B5191ADDCD3D0040B4EB /* PostCourseVC.m */; };
		6B7846491ADC988B00EAD40D /* main.m in Sources */ = {isa = PBXBuildFile; fileRef = 6B7846481ADC988B00EAD40D /* main.m */; };
		6B78464C1ADC988B00EAD40D /* AppDelegate.m in Sources */ = {isa = PBXBuildFile; fileRef = 6B78464B1ADC988B00EAD40D /* AppDelegate.m */; };
		6B78464F1ADC988B00EAD40D /* SkillSwapStoryboard.xcdatamodeld in Sources */ = {isa = PBXBuildFile; fileRef = 6B78464D1ADC988B00EAD40D /* SkillSwapStoryboard.xcdatamodeld */; };
		6B7846521ADC988B00EAD40D /* MapVC.m in Sources */ = {isa = PBXBuildFile; fileRef = 6B7846511ADC988B00EAD40D /* MapVC.m */; };
		6B7846551ADC988B00EAD40D /* Main.storyboard in Resources */ = {isa = PBXBuildFile; fileRef = 6B7846531ADC988B00EAD40D /* Main.storyboard */; };
		6B7846571ADC988B00EAD40D /* Images.xcassets in Resources */ = {isa = PBXBuildFile; fileRef = 6B7846561ADC988B00EAD40D /* Images.xcassets */; };
		6B78465A1ADC988B00EAD40D /* LaunchScreen.xib in Resources */ = {isa = PBXBuildFile; fileRef = 6B7846581ADC988B00EAD40D /* LaunchScreen.xib */; };
		6B7846661ADC988B00EAD40D /* SkillSwapStoryboardTests.m in Sources */ = {isa = PBXBuildFile; fileRef = 6B7846651ADC988B00EAD40D /* SkillSwapStoryboardTests.m */; };
		6B7846711ADCA8F500EAD40D /* User.swift in Sources */ = {isa = PBXBuildFile; fileRef = 6B7846701ADCA8F500EAD40D /* User.swift */; };
		6B7846731ADCA98600EAD40D /* Skill.swift in Sources */ = {isa = PBXBuildFile; fileRef = 6B7846721ADCA98600EAD40D /* Skill.swift */; };
		6B7846771ADCAA3800EAD40D /* Credit.swift in Sources */ = {isa = PBXBuildFile; fileRef = 6B7846761ADCAA3800EAD40D /* Credit.swift */; };
		6B7846791ADCAA6500EAD40D /* Review.swift in Sources */ = {isa = PBXBuildFile; fileRef = 6B7846781ADCAA6500EAD40D /* Review.swift */; };
		6B78467B1ADCAAFA00EAD40D /* Message.swift in Sources */ = {isa = PBXBuildFile; fileRef = 6B78467A1ADCAAFA00EAD40D /* Message.swift */; };
		6B9B1F211AE0A611005219AF /* Conversation.swift in Sources */ = {isa = PBXBuildFile; fileRef = 6B9B1F201AE0A611005219AF /* Conversation.swift */; };
		6B9B1F231AE0A673005219AF /* Course.swift in Sources */ = {isa = PBXBuildFile; fileRef = 6B9B1F221AE0A673005219AF /* Course.swift */; };
		6BAEDE281AE0390F00282CFB /* MessagesVC.m in Sources */ = {isa = PBXBuildFile; fileRef = 6BAEDE271AE0390F00282CFB /* MessagesVC.m */; };
		96A50BE91ADEF52C007C82E5 /* Bolts.framework in Frameworks */ = {isa = PBXBuildFile; fileRef = 9E46083B1ADC9D0800AFF702 /* Bolts.framework */; };
		96A50BEB1ADEF52F007C82E5 /* Parse.framework in Frameworks */ = {isa = PBXBuildFile; fileRef = 9E4608391ADC9CFC00AFF702 /* Parse.framework */; };
		96E2A9C21ADECED100727E09 /* CourseAnnotationVC.m in Sources */ = {isa = PBXBuildFile; fileRef = 96E2A9C11ADECED100727E09 /* CourseAnnotationVC.m */; };
		9E4608241ADC9C5A00AFF702 /* MapKit.framework in Frameworks */ = {isa = PBXBuildFile; fileRef = 9E4608231ADC9C5A00AFF702 /* MapKit.framework */; };
		9E4608261ADC9C6100AFF702 /* CoreLocation.framework in Frameworks */ = {isa = PBXBuildFile; fileRef = 9E4608251ADC9C6100AFF702 /* CoreLocation.framework */; };
		9E4608281ADC9C6700AFF702 /* CFNetwork.framework in Frameworks */ = {isa = PBXBuildFile; fileRef = 9E4608271ADC9C6700AFF702 /* CFNetwork.framework */; };
		9E46082A1ADC9C6D00AFF702 /* AudioToolbox.framework in Frameworks */ = {isa = PBXBuildFile; fileRef = 9E4608291ADC9C6D00AFF702 /* AudioToolbox.framework */; };
		9E46082C1ADC9C7500AFF702 /* MobileCoreServices.framework in Frameworks */ = {isa = PBXBuildFile; fileRef = 9E46082B1ADC9C7500AFF702 /* MobileCoreServices.framework */; };
		9E46082E1ADC9C7C00AFF702 /* QuartzCore.framework in Frameworks */ = {isa = PBXBuildFile; fileRef = 9E46082D1ADC9C7C00AFF702 /* QuartzCore.framework */; };
		9E4608301ADC9C8100AFF702 /* Security.framework in Frameworks */ = {isa = PBXBuildFile; fileRef = 9E46082F1ADC9C8100AFF702 /* Security.framework */; };
		9E4608321ADC9CA500AFF702 /* StoreKit.framework in Frameworks */ = {isa = PBXBuildFile; fileRef = 9E4608311ADC9CA500AFF702 /* StoreKit.framework */; };
		9E4608341ADC9CAD00AFF702 /* SystemConfiguration.framework in Frameworks */ = {isa = PBXBuildFile; fileRef = 9E4608331ADC9CAD00AFF702 /* SystemConfiguration.framework */; };
		9E4608361ADC9CB500AFF702 /* libz.dylib in Frameworks */ = {isa = PBXBuildFile; fileRef = 9E4608351ADC9CB500AFF702 /* libz.dylib */; };
		9E4608381ADC9CBD00AFF702 /* libsqlite3.dylib in Frameworks */ = {isa = PBXBuildFile; fileRef = 9E4608371ADC9CBD00AFF702 /* libsqlite3.dylib */; };
		9E46083C1ADC9D0800AFF702 /* Bolts.framework in Frameworks */ = {isa = PBXBuildFile; fileRef = 9E46083B1ADC9D0800AFF702 /* Bolts.framework */; };
		B126D47D1ADCFADC002E6F99 /* CourseListVC.m in Sources */ = {isa = PBXBuildFile; fileRef = B126D47C1ADCFADC002E6F99 /* CourseListVC.m */; };
		B126D4801ADD70F6002E6F99 /* TakeCourseVC.m in Sources */ = {isa = PBXBuildFile; fileRef = B126D47F1ADD70F6002E6F99 /* TakeCourseVC.m */; };
		B126D4831ADD78BC002E6F99 /* LoginVC.m in Sources */ = {isa = PBXBuildFile; fileRef = B126D4821ADD78BC002E6F99 /* LoginVC.m */; };
		B126D4861ADD7AEE002E6F99 /* TeachingCourseVC.m in Sources */ = {isa = PBXBuildFile; fileRef = B126D4851ADD7AEE002E6F99 /* TeachingCourseVC.m */; };
		B126D4891ADD7B46002E6F99 /* MessageConversationVC.m in Sources */ = {isa = PBXBuildFile; fileRef = B126D4881ADD7B46002E6F99 /* MessageConversationVC.m */; };
		B126D48C1ADD8254002E6F99 /* UserProfileVC.m in Sources */ = {isa = PBXBuildFile; fileRef = B126D48B1ADD8254002E6F99 /* UserProfileVC.m */; };
/* End PBXBuildFile section */

/* Begin PBXContainerItemProxy section */
		6B7846601ADC988B00EAD40D /* PBXContainerItemProxy */ = {
			isa = PBXContainerItemProxy;
			containerPortal = 6B78463B1ADC988B00EAD40D /* Project object */;
			proxyType = 1;
			remoteGlobalIDString = 6B7846421ADC988B00EAD40D;
			remoteInfo = SkillSwapStoryboard;
		};
/* End PBXContainerItemProxy section */

/* Begin PBXFileReference section */
		6B16B5181ADDCD3D0040B4EB /* PostCourseVC.h */ = {isa = PBXFileReference; fileEncoding = 4; lastKnownFileType = sourcecode.c.h; path = PostCourseVC.h; sourceTree = "<group>"; };
		6B16B5191ADDCD3D0040B4EB /* PostCourseVC.m */ = {isa = PBXFileReference; fileEncoding = 4; lastKnownFileType = sourcecode.c.objc; path = PostCourseVC.m; sourceTree = "<group>"; };
		6B7846431ADC988B00EAD40D /* SkillSwapStoryboard.app */ = {isa = PBXFileReference; explicitFileType = wrapper.application; includeInIndex = 0; path = SkillSwapStoryboard.app; sourceTree = BUILT_PRODUCTS_DIR; };
		6B7846471ADC988B00EAD40D /* Info.plist */ = {isa = PBXFileReference; lastKnownFileType = text.plist.xml; path = Info.plist; sourceTree = "<group>"; };
		6B7846481ADC988B00EAD40D /* main.m */ = {isa = PBXFileReference; lastKnownFileType = sourcecode.c.objc; path = main.m; sourceTree = "<group>"; };
		6B78464A1ADC988B00EAD40D /* AppDelegate.h */ = {isa = PBXFileReference; lastKnownFileType = sourcecode.c.h; path = AppDelegate.h; sourceTree = "<group>"; };
		6B78464B1ADC988B00EAD40D /* AppDelegate.m */ = {isa = PBXFileReference; lastKnownFileType = sourcecode.c.objc; path = AppDelegate.m; sourceTree = "<group>"; };
		6B78464E1ADC988B00EAD40D /* SkillSwapStoryboard.xcdatamodel */ = {isa = PBXFileReference; lastKnownFileType = wrapper.xcdatamodel; path = SkillSwapStoryboard.xcdatamodel; sourceTree = "<group>"; };
		6B7846501ADC988B00EAD40D /* MapVC.h */ = {isa = PBXFileReference; lastKnownFileType = sourcecode.c.h; path = MapVC.h; sourceTree = "<group>"; };
		6B7846511ADC988B00EAD40D /* MapVC.m */ = {isa = PBXFileReference; lastKnownFileType = sourcecode.c.objc; path = MapVC.m; sourceTree = "<group>"; };
		6B7846541ADC988B00EAD40D /* Base */ = {isa = PBXFileReference; lastKnownFileType = file.storyboard; name = Base; path = Base.lproj/Main.storyboard; sourceTree = "<group>"; };
		6B7846561ADC988B00EAD40D /* Images.xcassets */ = {isa = PBXFileReference; lastKnownFileType = folder.assetcatalog; path = Images.xcassets; sourceTree = "<group>"; };
		6B7846591ADC988B00EAD40D /* Base */ = {isa = PBXFileReference; lastKnownFileType = file.xib; name = Base; path = Base.lproj/LaunchScreen.xib; sourceTree = "<group>"; };
		6B78465F1ADC988B00EAD40D /* SkillSwapStoryboardTests.xctest */ = {isa = PBXFileReference; explicitFileType = wrapper.cfbundle; includeInIndex = 0; path = SkillSwapStoryboardTests.xctest; sourceTree = BUILT_PRODUCTS_DIR; };
		6B7846641ADC988B00EAD40D /* Info.plist */ = {isa = PBXFileReference; lastKnownFileType = text.plist.xml; path = Info.plist; sourceTree = "<group>"; };
		6B7846651ADC988B00EAD40D /* SkillSwapStoryboardTests.m */ = {isa = PBXFileReference; lastKnownFileType = sourcecode.c.objc; path = SkillSwapStoryboardTests.m; sourceTree = "<group>"; };
		6B78466F1ADCA8F500EAD40D /* SkillSwapStoryboard-Bridging-Header.h */ = {isa = PBXFileReference; lastKnownFileType = sourcecode.c.h; path = "SkillSwapStoryboard-Bridging-Header.h"; sourceTree = "<group>"; };
		6B7846701ADCA8F500EAD40D /* User.swift */ = {isa = PBXFileReference; fileEncoding = 4; lastKnownFileType = sourcecode.swift; path = User.swift; sourceTree = "<group>"; };
		6B7846721ADCA98600EAD40D /* Skill.swift */ = {isa = PBXFileReference; fileEncoding = 4; lastKnownFileType = sourcecode.swift; path = Skill.swift; sourceTree = "<group>"; };
		6B7846761ADCAA3800EAD40D /* Credit.swift */ = {isa = PBXFileReference; fileEncoding = 4; lastKnownFileType = sourcecode.swift; path = Credit.swift; sourceTree = "<group>"; };
		6B7846781ADCAA6500EAD40D /* Review.swift */ = {isa = PBXFileReference; fileEncoding = 4; lastKnownFileType = sourcecode.swift; path = Review.swift; sourceTree = "<group>"; };
		6B78467A1ADCAAFA00EAD40D /* Message.swift */ = {isa = PBXFileReference; fileEncoding = 4; lastKnownFileType = sourcecode.swift; path = Message.swift; sourceTree = "<group>"; };
		6B9B1F201AE0A611005219AF /* Conversation.swift */ = {isa = PBXFileReference; fileEncoding = 4; lastKnownFileType = sourcecode.swift; path = Conversation.swift; sourceTree = "<group>"; };
		6B9B1F221AE0A673005219AF /* Course.swift */ = {isa = PBXFileReference; fileEncoding = 4; lastKnownFileType = sourcecode.swift; path = Course.swift; sourceTree = "<group>"; };
		6BAEDE261AE0390F00282CFB /* MessagesVC.h */ = {isa = PBXFileReference; fileEncoding = 4; lastKnownFileType = sourcecode.c.h; path = MessagesVC.h; sourceTree = "<group>"; };
		6BAEDE271AE0390F00282CFB /* MessagesVC.m */ = {isa = PBXFileReference; fileEncoding = 4; lastKnownFileType = sourcecode.c.objc; path = MessagesVC.m; sourceTree = "<group>"; };
		96E2A9C01ADECED100727E09 /* CourseAnnotationVC.h */ = {isa = PBXFileReference; fileEncoding = 4; lastKnownFileType = sourcecode.c.h; path = CourseAnnotationVC.h; sourceTree = "<group>"; };
		96E2A9C11ADECED100727E09 /* CourseAnnotationVC.m */ = {isa = PBXFileReference; fileEncoding = 4; lastKnownFileType = sourcecode.c.objc; path = CourseAnnotationVC.m; sourceTree = "<group>"; };
		9E4608231ADC9C5A00AFF702 /* MapKit.framework */ = {isa = PBXFileReference; lastKnownFileType = wrapper.framework; name = MapKit.framework; path = System/Library/Frameworks/MapKit.framework; sourceTree = SDKROOT; };
		9E4608251ADC9C6100AFF702 /* CoreLocation.framework */ = {isa = PBXFileReference; lastKnownFileType = wrapper.framework; name = CoreLocation.framework; path = System/Library/Frameworks/CoreLocation.framework; sourceTree = SDKROOT; };
		9E4608271ADC9C6700AFF702 /* CFNetwork.framework */ = {isa = PBXFileReference; lastKnownFileType = wrapper.framework; name = CFNetwork.framework; path = System/Library/Frameworks/CFNetwork.framework; sourceTree = SDKROOT; };
		9E4608291ADC9C6D00AFF702 /* AudioToolbox.framework */ = {isa = PBXFileReference; lastKnownFileType = wrapper.framework; name = AudioToolbox.framework; path = System/Library/Frameworks/AudioToolbox.framework; sourceTree = SDKROOT; };
		9E46082B1ADC9C7500AFF702 /* MobileCoreServices.framework */ = {isa = PBXFileReference; lastKnownFileType = wrapper.framework; name = MobileCoreServices.framework; path = System/Library/Frameworks/MobileCoreServices.framework; sourceTree = SDKROOT; };
		9E46082D1ADC9C7C00AFF702 /* QuartzCore.framework */ = {isa = PBXFileReference; lastKnownFileType = wrapper.framework; name = QuartzCore.framework; path = System/Library/Frameworks/QuartzCore.framework; sourceTree = SDKROOT; };
		9E46082F1ADC9C8100AFF702 /* Security.framework */ = {isa = PBXFileReference; lastKnownFileType = wrapper.framework; name = Security.framework; path = System/Library/Frameworks/Security.framework; sourceTree = SDKROOT; };
		9E4608311ADC9CA500AFF702 /* StoreKit.framework */ = {isa = PBXFileReference; lastKnownFileType = wrapper.framework; name = StoreKit.framework; path = System/Library/Frameworks/StoreKit.framework; sourceTree = SDKROOT; };
		9E4608331ADC9CAD00AFF702 /* SystemConfiguration.framework */ = {isa = PBXFileReference; lastKnownFileType = wrapper.framework; name = SystemConfiguration.framework; path = System/Library/Frameworks/SystemConfiguration.framework; sourceTree = SDKROOT; };
		9E4608351ADC9CB500AFF702 /* libz.dylib */ = {isa = PBXFileReference; lastKnownFileType = "compiled.mach-o.dylib"; name = libz.dylib; path = usr/lib/libz.dylib; sourceTree = SDKROOT; };
		9E4608371ADC9CBD00AFF702 /* libsqlite3.dylib */ = {isa = PBXFileReference; lastKnownFileType = "compiled.mach-o.dylib"; name = libsqlite3.dylib; path = usr/lib/libsqlite3.dylib; sourceTree = SDKROOT; };
		9E4608391ADC9CFC00AFF702 /* Parse.framework */ = {isa = PBXFileReference; lastKnownFileType = wrapper.framework; path = Parse.framework; sourceTree = "<group>"; };
		9E46083B1ADC9D0800AFF702 /* Bolts.framework */ = {isa = PBXFileReference; lastKnownFileType = wrapper.framework; path = Bolts.framework; sourceTree = "<group>"; };
		B126D47B1ADCFADC002E6F99 /* CourseListVC.h */ = {isa = PBXFileReference; fileEncoding = 4; lastKnownFileType = sourcecode.c.h; path = CourseListVC.h; sourceTree = "<group>"; };
		B126D47C1ADCFADC002E6F99 /* CourseListVC.m */ = {isa = PBXFileReference; fileEncoding = 4; lastKnownFileType = sourcecode.c.objc; path = CourseListVC.m; sourceTree = "<group>"; };
		B126D47E1ADD70F6002E6F99 /* TakeCourseVC.h */ = {isa = PBXFileReference; fileEncoding = 4; lastKnownFileType = sourcecode.c.h; path = TakeCourseVC.h; sourceTree = "<group>"; };
		B126D47F1ADD70F6002E6F99 /* TakeCourseVC.m */ = {isa = PBXFileReference; fileEncoding = 4; lastKnownFileType = sourcecode.c.objc; path = TakeCourseVC.m; sourceTree = "<group>"; };
		B126D4811ADD78BC002E6F99 /* LoginVC.h */ = {isa = PBXFileReference; fileEncoding = 4; lastKnownFileType = sourcecode.c.h; path = LoginVC.h; sourceTree = "<group>"; };
		B126D4821ADD78BC002E6F99 /* LoginVC.m */ = {isa = PBXFileReference; fileEncoding = 4; lastKnownFileType = sourcecode.c.objc; path = LoginVC.m; sourceTree = "<group>"; };
		B126D4841ADD7AEE002E6F99 /* TeachingCourseVC.h */ = {isa = PBXFileReference; fileEncoding = 4; lastKnownFileType = sourcecode.c.h; path = TeachingCourseVC.h; sourceTree = "<group>"; };
		B126D4851ADD7AEE002E6F99 /* TeachingCourseVC.m */ = {isa = PBXFileReference; fileEncoding = 4; lastKnownFileType = sourcecode.c.objc; path = TeachingCourseVC.m; sourceTree = "<group>"; };
		B126D4871ADD7B46002E6F99 /* MessageConversationVC.h */ = {isa = PBXFileReference; fileEncoding = 4; lastKnownFileType = sourcecode.c.h; path = MessageConversationVC.h; sourceTree = "<group>"; };
		B126D4881ADD7B46002E6F99 /* MessageConversationVC.m */ = {isa = PBXFileReference; fileEncoding = 4; lastKnownFileType = sourcecode.c.objc; path = MessageConversationVC.m; sourceTree = "<group>"; };
		B126D48A1ADD8254002E6F99 /* UserProfileVC.h */ = {isa = PBXFileReference; fileEncoding = 4; lastKnownFileType = sourcecode.c.h; path = UserProfileVC.h; sourceTree = "<group>"; };
		B126D48B1ADD8254002E6F99 /* UserProfileVC.m */ = {isa = PBXFileReference; fileEncoding = 4; lastKnownFileType = sourcecode.c.objc; path = UserProfileVC.m; sourceTree = "<group>"; };
/* End PBXFileReference section */

/* Begin PBXFrameworksBuildPhase section */
		6B7846401ADC988B00EAD40D /* Frameworks */ = {
			isa = PBXFrameworksBuildPhase;
			buildActionMask = 2147483647;
			files = (
				9E4608381ADC9CBD00AFF702 /* libsqlite3.dylib in Frameworks */,
				9E4608361ADC9CB500AFF702 /* libz.dylib in Frameworks */,
				9E4608341ADC9CAD00AFF702 /* SystemConfiguration.framework in Frameworks */,
				9E4608321ADC9CA500AFF702 /* StoreKit.framework in Frameworks */,
				9E46082E1ADC9C7C00AFF702 /* QuartzCore.framework in Frameworks */,
				9E4608301ADC9C8100AFF702 /* Security.framework in Frameworks */,
				96A50BEB1ADEF52F007C82E5 /* Parse.framework in Frameworks */,
				9E46082C1ADC9C7500AFF702 /* MobileCoreServices.framework in Frameworks */,
				9E46083C1ADC9D0800AFF702 /* Bolts.framework in Frameworks */,
				9E46082A1ADC9C6D00AFF702 /* AudioToolbox.framework in Frameworks */,
				9E4608281ADC9C6700AFF702 /* CFNetwork.framework in Frameworks */,
				9E4608261ADC9C6100AFF702 /* CoreLocation.framework in Frameworks */,
				9E4608241ADC9C5A00AFF702 /* MapKit.framework in Frameworks */,
			);
			runOnlyForDeploymentPostprocessing = 0;
		};
		6B78465C1ADC988B00EAD40D /* Frameworks */ = {
			isa = PBXFrameworksBuildPhase;
			buildActionMask = 2147483647;
			files = (
				96A50BE91ADEF52C007C82E5 /* Bolts.framework in Frameworks */,
			);
			runOnlyForDeploymentPostprocessing = 0;
		};
/* End PBXFrameworksBuildPhase section */

/* Begin PBXGroup section */
		6B16B5151ADDC9E70040B4EB /* STORYBOARD CONDOM */ = {
			isa = PBXGroup;
			children = (
				6B7846531ADC988B00EAD40D /* Main.storyboard */,
			);
			name = "STORYBOARD CONDOM";
			path = SkillSwapStoryboard;
			sourceTree = "<group>";
		};
		6B16B5161ADDCA6F0040B4EB /* MapVC and its buttons VCs */ = {
			isa = PBXGroup;
			children = (
				6B7846501ADC988B00EAD40D /* MapVC.h */,
				6B7846511ADC988B00EAD40D /* MapVC.m */,
				B126D47B1ADCFADC002E6F99 /* CourseListVC.h */,
				B126D47C1ADCFADC002E6F99 /* CourseListVC.m */,
				B126D48A1ADD8254002E6F99 /* UserProfileVC.h */,
				B126D48B1ADD8254002E6F99 /* UserProfileVC.m */,
				6BAEDE261AE0390F00282CFB /* MessagesVC.h */,
				6BAEDE271AE0390F00282CFB /* MessagesVC.m */,
				96E2A9C01ADECED100727E09 /* CourseAnnotationVC.h */,
				96E2A9C11ADECED100727E09 /* CourseAnnotationVC.m */,
				B126D47E1ADD70F6002E6F99 /* TakeCourseVC.h */,
				B126D47F1ADD70F6002E6F99 /* TakeCourseVC.m */,
				6B16B5181ADDCD3D0040B4EB /* PostCourseVC.h */,
				6B16B5191ADDCD3D0040B4EB /* PostCourseVC.m */,
			);
			name = "MapVC and its buttons VCs";
			sourceTree = "<group>";
		};
		6B16B5171ADDCB040040B4EB /* App delegate */ = {
			isa = PBXGroup;
			children = (
				6B78464A1ADC988B00EAD40D /* AppDelegate.h */,
				6B78464B1ADC988B00EAD40D /* AppDelegate.m */,
			);
			name = "App delegate";
			path = SkillSwapStoryboard;
			sourceTree = "<group>";
		};
		6B78463A1ADC988B00EAD40D = {
			isa = PBXGroup;
			children = (
				6B9B1F201AE0A611005219AF /* Conversation.swift */,
				6B9B1F221AE0A673005219AF /* Course.swift */,
				6B78467C1ADCAB2B00EAD40D /* Frameworks */,
				6B16B5151ADDC9E70040B4EB /* STORYBOARD CONDOM */,
				6B7846451ADC988B00EAD40D /* SkillSwap */,
				6B7846621ADC988B00EAD40D /* SkillSwapStoryboardTests */,
				6B7846441ADC988B00EAD40D /* Products */,
				6B16B5171ADDCB040040B4EB /* App delegate */,
				6B78467D1ADCAB7A00EAD40D /* Parse Subclasses */,
			);
			sourceTree = "<group>";
		};
		6B7846441ADC988B00EAD40D /* Products */ = {
			isa = PBXGroup;
			children = (
				6B7846431ADC988B00EAD40D /* SkillSwapStoryboard.app */,
				6B78465F1ADC988B00EAD40D /* SkillSwapStoryboardTests.xctest */,
			);
			name = Products;
			sourceTree = "<group>";
		};
		6B7846451ADC988B00EAD40D /* SkillSwap */ = {
			isa = PBXGroup;
			children = (
				6B16B5161ADDCA6F0040B4EB /* MapVC and its buttons VCs */,
				B126D4811ADD78BC002E6F99 /* LoginVC.h */,
				B126D4821ADD78BC002E6F99 /* LoginVC.m */,
				B126D4871ADD7B46002E6F99 /* MessageConversationVC.h */,
				B126D4881ADD7B46002E6F99 /* MessageConversationVC.m */,
				B126D4841ADD7AEE002E6F99 /* TeachingCourseVC.h */,
				B126D4851ADD7AEE002E6F99 /* TeachingCourseVC.m */,
				6B7846561ADC988B00EAD40D /* Images.xcassets */,
				6B7846581ADC988B00EAD40D /* LaunchScreen.xib */,
				6B78464D1ADC988B00EAD40D /* SkillSwapStoryboard.xcdatamodeld */,
				6B7846461ADC988B00EAD40D /* Supporting Files */,
				6B78466F1ADCA8F500EAD40D /* SkillSwapStoryboard-Bridging-Header.h */,
			);
			name = SkillSwap;
			path = SkillSwapStoryboard;
			sourceTree = "<group>";
		};
		6B7846461ADC988B00EAD40D /* Supporting Files */ = {
			isa = PBXGroup;
			children = (
				6B7846471ADC988B00EAD40D /* Info.plist */,
				6B7846481ADC988B00EAD40D /* main.m */,
			);
			name = "Supporting Files";
			sourceTree = "<group>";
		};
		6B7846621ADC988B00EAD40D /* SkillSwapStoryboardTests */ = {
			isa = PBXGroup;
			children = (
				6B7846651ADC988B00EAD40D /* SkillSwapStoryboardTests.m */,
				6B7846631ADC988B00EAD40D /* Supporting Files */,
			);
			path = SkillSwapStoryboardTests;
			sourceTree = "<group>";
		};
		6B7846631ADC988B00EAD40D /* Supporting Files */ = {
			isa = PBXGroup;
			children = (
				6B7846641ADC988B00EAD40D /* Info.plist */,
			);
			name = "Supporting Files";
			sourceTree = "<group>";
		};
		6B78467C1ADCAB2B00EAD40D /* Frameworks */ = {
			isa = PBXGroup;
			children = (
				9E4608371ADC9CBD00AFF702 /* libsqlite3.dylib */,
				9E46083B1ADC9D0800AFF702 /* Bolts.framework */,
				9E4608391ADC9CFC00AFF702 /* Parse.framework */,
				9E4608351ADC9CB500AFF702 /* libz.dylib */,
				9E4608331ADC9CAD00AFF702 /* SystemConfiguration.framework */,
				9E4608311ADC9CA500AFF702 /* StoreKit.framework */,
				9E46082F1ADC9C8100AFF702 /* Security.framework */,
				9E46082D1ADC9C7C00AFF702 /* QuartzCore.framework */,
				9E46082B1ADC9C7500AFF702 /* MobileCoreServices.framework */,
				9E4608291ADC9C6D00AFF702 /* AudioToolbox.framework */,
				9E4608271ADC9C6700AFF702 /* CFNetwork.framework */,
				9E4608251ADC9C6100AFF702 /* CoreLocation.framework */,
				9E4608231ADC9C5A00AFF702 /* MapKit.framework */,
			);
			name = Frameworks;
			sourceTree = "<group>";
		};
		6B78467D1ADCAB7A00EAD40D /* Parse Subclasses */ = {
			isa = PBXGroup;
			children = (
				6B7846701ADCA8F500EAD40D /* User.swift */,
				6B7846761ADCAA3800EAD40D /* Credit.swift */,
				6B7846781ADCAA6500EAD40D /* Review.swift */,
				6B78467A1ADCAAFA00EAD40D /* Message.swift */,
				6B7846721ADCA98600EAD40D /* Skill.swift */,
			);
			name = "Parse Subclasses";
			path = SkillSwapStoryboard;
			sourceTree = "<group>";
		};
/* End PBXGroup section */

/* Begin PBXNativeTarget section */
		6B7846421ADC988B00EAD40D /* SkillSwapStoryboard */ = {
			isa = PBXNativeTarget;
			buildConfigurationList = 6B7846691ADC988B00EAD40D /* Build configuration list for PBXNativeTarget "SkillSwapStoryboard" */;
			buildPhases = (
				6B78463F1ADC988B00EAD40D /* Sources */,
				6B7846401ADC988B00EAD40D /* Frameworks */,
				6B7846411ADC988B00EAD40D /* Resources */,
			);
			buildRules = (
			);
			dependencies = (
			);
			name = SkillSwapStoryboard;
			productName = SkillSwapStoryboard;
			productReference = 6B7846431ADC988B00EAD40D /* SkillSwapStoryboard.app */;
			productType = "com.apple.product-type.application";
		};
		6B78465E1ADC988B00EAD40D /* SkillSwapStoryboardTests */ = {
			isa = PBXNativeTarget;
			buildConfigurationList = 6B78466C1ADC988B00EAD40D /* Build configuration list for PBXNativeTarget "SkillSwapStoryboardTests" */;
			buildPhases = (
				6B78465B1ADC988B00EAD40D /* Sources */,
				6B78465C1ADC988B00EAD40D /* Frameworks */,
				6B78465D1ADC988B00EAD40D /* Resources */,
			);
			buildRules = (
			);
			dependencies = (
				6B7846611ADC988B00EAD40D /* PBXTargetDependency */,
			);
			name = SkillSwapStoryboardTests;
			productName = SkillSwapStoryboardTests;
			productReference = 6B78465F1ADC988B00EAD40D /* SkillSwapStoryboardTests.xctest */;
			productType = "com.apple.product-type.bundle.unit-test";
		};
/* End PBXNativeTarget section */

/* Begin PBXProject section */
		6B78463B1ADC988B00EAD40D /* Project object */ = {
			isa = PBXProject;
			attributes = {
				LastUpgradeCheck = 0630;
				ORGANIZATIONNAME = antonioperez;
				TargetAttributes = {
					6B7846421ADC988B00EAD40D = {
						CreatedOnToolsVersion = 6.3;
						DevelopmentTeam = N28FB6N282;
					};
					6B78465E1ADC988B00EAD40D = {
						CreatedOnToolsVersion = 6.3;
						TestTargetID = 6B7846421ADC988B00EAD40D;
					};
				};
			};
			buildConfigurationList = 6B78463E1ADC988B00EAD40D /* Build configuration list for PBXProject "SkillSwapStoryboard" */;
			compatibilityVersion = "Xcode 3.2";
			developmentRegion = English;
			hasScannedForEncodings = 0;
			knownRegions = (
				en,
				Base,
			);
			mainGroup = 6B78463A1ADC988B00EAD40D;
			productRefGroup = 6B7846441ADC988B00EAD40D /* Products */;
			projectDirPath = "";
			projectRoot = "";
			targets = (
				6B7846421ADC988B00EAD40D /* SkillSwapStoryboard */,
				6B78465E1ADC988B00EAD40D /* SkillSwapStoryboardTests */,
			);
		};
/* End PBXProject section */

/* Begin PBXResourcesBuildPhase section */
		6B7846411ADC988B00EAD40D /* Resources */ = {
			isa = PBXResourcesBuildPhase;
			buildActionMask = 2147483647;
			files = (
				6B7846551ADC988B00EAD40D /* Main.storyboard in Resources */,
				6B78465A1ADC988B00EAD40D /* LaunchScreen.xib in Resources */,
				6B7846571ADC988B00EAD40D /* Images.xcassets in Resources */,
			);
			runOnlyForDeploymentPostprocessing = 0;
		};
		6B78465D1ADC988B00EAD40D /* Resources */ = {
			isa = PBXResourcesBuildPhase;
			buildActionMask = 2147483647;
			files = (
			);
			runOnlyForDeploymentPostprocessing = 0;
		};
/* End PBXResourcesBuildPhase section */

/* Begin PBXSourcesBuildPhase section */
		6B78463F1ADC988B00EAD40D /* Sources */ = {
			isa = PBXSourcesBuildPhase;
			buildActionMask = 2147483647;
			files = (
				96E2A9C21ADECED100727E09 /* CourseAnnotationVC.m in Sources */,
				B126D4831ADD78BC002E6F99 /* LoginVC.m in Sources */,
				6B78464C1ADC988B00EAD40D /* AppDelegate.m in Sources */,
				6B7846791ADCAA6500EAD40D /* Review.swift in Sources */,
				6B16B51A1ADDCD3D0040B4EB /* PostCourseVC.m in Sources */,
				6B7846771ADCAA3800EAD40D /* Credit.swift in Sources */,
				B126D4891ADD7B46002E6F99 /* MessageConversationVC.m in Sources */,
				6B9B1F211AE0A611005219AF /* Conversation.swift in Sources */,
				B126D48C1ADD8254002E6F99 /* UserProfileVC.m in Sources */,
				6B78464F1ADC988B00EAD40D /* SkillSwapStoryboard.xcdatamodeld in Sources */,
				B126D47D1ADCFADC002E6F99 /* CourseListVC.m in Sources */,
				B126D4861ADD7AEE002E6F99 /* TeachingCourseVC.m in Sources */,
				6B9B1F231AE0A673005219AF /* Course.swift in Sources */,
				6B7846521ADC988B00EAD40D /* MapVC.m in Sources */,
				6BAEDE281AE0390F00282CFB /* MessagesVC.m in Sources */,
				6B7846731ADCA98600EAD40D /* Skill.swift in Sources */,
				6B78467B1ADCAAFA00EAD40D /* Message.swift in Sources */,
				6B7846711ADCA8F500EAD40D /* User.swift in Sources */,
				B126D4801ADD70F6002E6F99 /* TakeCourseVC.m in Sources */,
				6B7846491ADC988B00EAD40D /* main.m in Sources */,
			);
			runOnlyForDeploymentPostprocessing = 0;
		};
		6B78465B1ADC988B00EAD40D /* Sources */ = {
			isa = PBXSourcesBuildPhase;
			buildActionMask = 2147483647;
			files = (
				6B7846661ADC988B00EAD40D /* SkillSwapStoryboardTests.m in Sources */,
			);
			runOnlyForDeploymentPostprocessing = 0;
		};
/* End PBXSourcesBuildPhase section */

/* Begin PBXTargetDependency section */
		6B7846611ADC988B00EAD40D /* PBXTargetDependency */ = {
			isa = PBXTargetDependency;
			target = 6B7846421ADC988B00EAD40D /* SkillSwapStoryboard */;
			targetProxy = 6B7846601ADC988B00EAD40D /* PBXContainerItemProxy */;
		};
/* End PBXTargetDependency section */

/* Begin PBXVariantGroup section */
		6B7846531ADC988B00EAD40D /* Main.storyboard */ = {
			isa = PBXVariantGroup;
			children = (
				6B7846541ADC988B00EAD40D /* Base */,
			);
			name = Main.storyboard;
			sourceTree = "<group>";
		};
		6B7846581ADC988B00EAD40D /* LaunchScreen.xib */ = {
			isa = PBXVariantGroup;
			children = (
				6B7846591ADC988B00EAD40D /* Base */,
			);
			name = LaunchScreen.xib;
			sourceTree = "<group>";
		};
/* End PBXVariantGroup section */

/* Begin XCBuildConfiguration section */
		6B7846671ADC988B00EAD40D /* Debug */ = {
			isa = XCBuildConfiguration;
			buildSettings = {
				ALWAYS_SEARCH_USER_PATHS = NO;
				CLANG_CXX_LANGUAGE_STANDARD = "gnu++0x";
				CLANG_CXX_LIBRARY = "libc++";
				CLANG_ENABLE_MODULES = YES;
				CLANG_ENABLE_OBJC_ARC = YES;
				CLANG_WARN_BOOL_CONVERSION = YES;
				CLANG_WARN_CONSTANT_CONVERSION = YES;
				CLANG_WARN_DIRECT_OBJC_ISA_USAGE = YES_ERROR;
				CLANG_WARN_EMPTY_BODY = YES;
				CLANG_WARN_ENUM_CONVERSION = YES;
				CLANG_WARN_INT_CONVERSION = YES;
				CLANG_WARN_OBJC_ROOT_CLASS = YES_ERROR;
				CLANG_WARN_UNREACHABLE_CODE = YES;
				CLANG_WARN__DUPLICATE_METHOD_MATCH = YES;
				"CODE_SIGN_IDENTITY[sdk=iphoneos*]" = "iPhone Developer";
				COPY_PHASE_STRIP = NO;
				DEBUG_INFORMATION_FORMAT = "dwarf-with-dsym";
				ENABLE_STRICT_OBJC_MSGSEND = YES;
				GCC_C_LANGUAGE_STANDARD = gnu99;
				GCC_DYNAMIC_NO_PIC = NO;
				GCC_NO_COMMON_BLOCKS = YES;
				GCC_OPTIMIZATION_LEVEL = 0;
				GCC_PREPROCESSOR_DEFINITIONS = (
					"DEBUG=1",
					"$(inherited)",
				);
				GCC_SYMBOLS_PRIVATE_EXTERN = NO;
				GCC_WARN_64_TO_32_BIT_CONVERSION = YES;
				GCC_WARN_ABOUT_RETURN_TYPE = YES_ERROR;
				GCC_WARN_UNDECLARED_SELECTOR = YES;
				GCC_WARN_UNINITIALIZED_AUTOS = YES_AGGRESSIVE;
				GCC_WARN_UNUSED_FUNCTION = YES;
				GCC_WARN_UNUSED_VARIABLE = YES;
				IPHONEOS_DEPLOYMENT_TARGET = 8.3;
				MTL_ENABLE_DEBUG_INFO = YES;
				ONLY_ACTIVE_ARCH = YES;
				SDKROOT = iphoneos;
			};
			name = Debug;
		};
		6B7846681ADC988B00EAD40D /* Release */ = {
			isa = XCBuildConfiguration;
			buildSettings = {
				ALWAYS_SEARCH_USER_PATHS = NO;
				CLANG_CXX_LANGUAGE_STANDARD = "gnu++0x";
				CLANG_CXX_LIBRARY = "libc++";
				CLANG_ENABLE_MODULES = YES;
				CLANG_ENABLE_OBJC_ARC = YES;
				CLANG_WARN_BOOL_CONVERSION = YES;
				CLANG_WARN_CONSTANT_CONVERSION = YES;
				CLANG_WARN_DIRECT_OBJC_ISA_USAGE = YES_ERROR;
				CLANG_WARN_EMPTY_BODY = YES;
				CLANG_WARN_ENUM_CONVERSION = YES;
				CLANG_WARN_INT_CONVERSION = YES;
				CLANG_WARN_OBJC_ROOT_CLASS = YES_ERROR;
				CLANG_WARN_UNREACHABLE_CODE = YES;
				CLANG_WARN__DUPLICATE_METHOD_MATCH = YES;
				"CODE_SIGN_IDENTITY[sdk=iphoneos*]" = "iPhone Developer";
				COPY_PHASE_STRIP = NO;
				DEBUG_INFORMATION_FORMAT = "dwarf-with-dsym";
				ENABLE_NS_ASSERTIONS = NO;
				ENABLE_STRICT_OBJC_MSGSEND = YES;
				GCC_C_LANGUAGE_STANDARD = gnu99;
				GCC_NO_COMMON_BLOCKS = YES;
				GCC_WARN_64_TO_32_BIT_CONVERSION = YES;
				GCC_WARN_ABOUT_RETURN_TYPE = YES_ERROR;
				GCC_WARN_UNDECLARED_SELECTOR = YES;
				GCC_WARN_UNINITIALIZED_AUTOS = YES_AGGRESSIVE;
				GCC_WARN_UNUSED_FUNCTION = YES;
				GCC_WARN_UNUSED_VARIABLE = YES;
				IPHONEOS_DEPLOYMENT_TARGET = 8.3;
				MTL_ENABLE_DEBUG_INFO = NO;
				SDKROOT = iphoneos;
				VALIDATE_PRODUCT = YES;
			};
			name = Release;
		};
		6B78466A1ADC988B00EAD40D /* Debug */ = {
			isa = XCBuildConfiguration;
			buildSettings = {
				ASSETCATALOG_COMPILER_APPICON_NAME = AppIcon;
				CLANG_ENABLE_MODULES = YES;
				CODE_SIGN_IDENTITY = "iPhone Developer";
				"CODE_SIGN_IDENTITY[sdk=iphoneos*]" = "iPhone Developer";
				EMBEDDED_CONTENT_CONTAINS_SWIFT = YES;
				FRAMEWORK_SEARCH_PATHS = (
					"$(inherited)",
					"$(PROJECT_DIR)",
				);
				INFOPLIST_FILE = SkillSwapStoryboard/Info.plist;
				LD_RUNPATH_SEARCH_PATHS = "$(inherited) @executable_path/Frameworks";
				PRODUCT_NAME = "$(TARGET_NAME)";
				PROVISIONING_PROFILE = "";
				SWIFT_OBJC_BRIDGING_HEADER = "SkillSwapStoryboard/SkillSwapStoryboard-Bridging-Header.h";
				SWIFT_OPTIMIZATION_LEVEL = "-Onone";
			};
			name = Debug;
		};
		6B78466B1ADC988B00EAD40D /* Release */ = {
			isa = XCBuildConfiguration;
			buildSettings = {
				ASSETCATALOG_COMPILER_APPICON_NAME = AppIcon;
				CLANG_ENABLE_MODULES = YES;
				CODE_SIGN_IDENTITY = "iPhone Developer";
				"CODE_SIGN_IDENTITY[sdk=iphoneos*]" = "iPhone Developer";
				EMBEDDED_CONTENT_CONTAINS_SWIFT = YES;
				FRAMEWORK_SEARCH_PATHS = (
					"$(inherited)",
					"$(PROJECT_DIR)",
				);
				INFOPLIST_FILE = SkillSwapStoryboard/Info.plist;
				LD_RUNPATH_SEARCH_PATHS = "$(inherited) @executable_path/Frameworks";
				PRODUCT_NAME = "$(TARGET_NAME)";
				PROVISIONING_PROFILE = "";
				SWIFT_OBJC_BRIDGING_HEADER = "SkillSwapStoryboard/SkillSwapStoryboard-Bridging-Header.h";
			};
			name = Release;
		};
		6B78466D1ADC988B00EAD40D /* Debug */ = {
			isa = XCBuildConfiguration;
			buildSettings = {
				BUNDLE_LOADER = "$(TEST_HOST)";
				FRAMEWORK_SEARCH_PATHS = (
					"$(SDKROOT)/Developer/Library/Frameworks",
					"$(inherited)",
					"$(PROJECT_DIR)",
				);
				GCC_PREPROCESSOR_DEFINITIONS = (
					"DEBUG=1",
					"$(inherited)",
				);
				INFOPLIST_FILE = SkillSwapStoryboardTests/Info.plist;
				LD_RUNPATH_SEARCH_PATHS = "$(inherited) @executable_path/Frameworks @loader_path/Frameworks";
				PRODUCT_NAME = "$(TARGET_NAME)";
				TEST_HOST = "$(BUILT_PRODUCTS_DIR)/SkillSwapStoryboard.app/SkillSwapStoryboard";
			};
			name = Debug;
		};
		6B78466E1ADC988B00EAD40D /* Release */ = {
			isa = XCBuildConfiguration;
			buildSettings = {
				BUNDLE_LOADER = "$(TEST_HOST)";
				FRAMEWORK_SEARCH_PATHS = (
					"$(SDKROOT)/Developer/Library/Frameworks",
					"$(inherited)",
					"$(PROJECT_DIR)",
				);
				INFOPLIST_FILE = SkillSwapStoryboardTests/Info.plist;
				LD_RUNPATH_SEARCH_PATHS = "$(inherited) @executable_path/Frameworks @loader_path/Frameworks";
				PRODUCT_NAME = "$(TARGET_NAME)";
				TEST_HOST = "$(BUILT_PRODUCTS_DIR)/SkillSwapStoryboard.app/SkillSwapStoryboard";
			};
			name = Release;
		};
/* End XCBuildConfiguration section */

/* Begin XCConfigurationList section */
		6B78463E1ADC988B00EAD40D /* Build configuration list for PBXProject "SkillSwapStoryboard" */ = {
			isa = XCConfigurationList;
			buildConfigurations = (
				6B7846671ADC988B00EAD40D /* Debug */,
				6B7846681ADC988B00EAD40D /* Release */,
			);
			defaultConfigurationIsVisible = 0;
			defaultConfigurationName = Release;
		};
		6B7846691ADC988B00EAD40D /* Build configuration list for PBXNativeTarget "SkillSwapStoryboard" */ = {
			isa = XCConfigurationList;
			buildConfigurations = (
				6B78466A1ADC988B00EAD40D /* Debug */,
				6B78466B1ADC988B00EAD40D /* Release */,
			);
			defaultConfigurationIsVisible = 0;
			defaultConfigurationName = Release;
		};
		6B78466C1ADC988B00EAD40D /* Build configuration list for PBXNativeTarget "SkillSwapStoryboardTests" */ = {
			isa = XCConfigurationList;
			buildConfigurations = (
				6B78466D1ADC988B00EAD40D /* Debug */,
				6B78466E1ADC988B00EAD40D /* Release */,
			);
			defaultConfigurationIsVisible = 0;
			defaultConfigurationName = Release;
		};
/* End XCConfigurationList section */

/* Begin XCVersionGroup section */
		6B78464D1ADC988B00EAD40D /* SkillSwapStoryboard.xcdatamodeld */ = {
			isa = XCVersionGroup;
			children = (
				6B78464E1ADC988B00EAD40D /* SkillSwapStoryboard.xcdatamodel */,
			);
			currentVersion = 6B78464E1ADC988B00EAD40D /* SkillSwapStoryboard.xcdatamodel */;
			path = SkillSwapStoryboard.xcdatamodeld;
			sourceTree = "<group>";
			versionGroupType = wrapper.xcdatamodel;
		};
/* End XCVersionGroup section */
	};
	rootObject = 6B78463B1ADC988B00EAD40D /* Project object */;
}
